<?xml version="1.0" encoding="utf-8"?>
<Project ToolsVersion="4.0" xmlns="http://schemas.microsoft.com/developer/msbuild/2003">
  <ItemGroup>
    <Filter Include="include">
      <UniqueIdentifier>{93995380-89BD-4b04-88EB-625FBE52EBFB}</UniqueIdentifier>
      <Extensions>h;hpp;hxx;hm;inl;inc;xsd</Extensions>
    </Filter>
    <Filter Include="source">
      <UniqueIdentifier>{4FC737F1-C7A5-4376-A066-2A32D752A2FF}</UniqueIdentifier>
      <Extensions>cpp;c;cc;cxx;def;odl;idl;hpj;bat;asm;asmx</Extensions>
    </Filter>
  </ItemGroup>
  <ItemGroup>
    <ClCompile Include="source\srend\main.cpp">
      <Filter>source</Filter>
    </ClCompile>
    <ClCompile Include="source\windy\core\windowfactory.cpp">
      <Filter>source</Filter>
    </ClCompile>
    <ClCompile Include="source\cod\demo.cpp">
      <Filter>source</Filter>
    </ClCompile>
    <ClCompile Include="source\windy\core\iclient.cpp">
      <Filter>source</Filter>
    </ClCompile>
    <ClCompile Include="source\windy\core\iframework.cpp">
      <Filter>source</Filter>
    </ClCompile>
    <ClCompile Include="source\windy\service\servicetime.cpp">
      <Filter>source</Filter>
    </ClCompile>
    <ClCompile Include="source\windy\core\applicationwin32.cpp">
      <Filter>source</Filter>
    </ClCompile>
    <ClCompile Include="source\windy\core\mainwindowwin32.cpp">
      <Filter>source</Filter>
    </ClCompile>
    <ClCompile Include="source\windy\core\renderdevice.cpp">
      <Filter>source</Filter>
    </ClCompile>
    <ClCompile Include="source\windy\core\framebuffer.cpp">
      <Filter>source</Filter>
    </ClCompile>
    <ClCompile Include="source\windy\core\inputvertexstream.cpp">
      <Filter>source</Filter>
    </ClCompile>
    <ClCompile Include="source\windy\math\matrix3x3.cpp">
      <Filter>source</Filter>
    </ClCompile>
    <ClCompile Include="source\windy\math\matrix4x4.cpp">
      <Filter>source</Filter>
    </ClCompile>
    <ClCompile Include="source\windy\math\vec2.cpp">
      <Filter>source</Filter>
    </ClCompile>
    <ClCompile Include="source\windy\math\vec3.cpp">
      <Filter>source</Filter>
    </ClCompile>
    <ClCompile Include="source\windy\math\vec4.cpp">
      <Filter>source</Filter>
    </ClCompile>
    <ClCompile Include="source\windy\core\ivertexshader.cpp">
      <Filter>source</Filter>
    </ClCompile>
    <ClCompile Include="source\windy\core\vertexshaderbase.cpp">
      <Filter>source</Filter>
    </ClCompile>
    <ClCompile Include="source\windy\core\rasterizer.cpp">
      <Filter>source</Filter>
    </ClCompile>
  </ItemGroup>
  <ItemGroup>
    <ClInclude Include="source\cod\demo.h">
      <Filter>include</Filter>
    </ClInclude>
    <ClInclude Include="source\windy\core\iclient.h">
      <Filter>include</Filter>
    </ClInclude>
    <ClInclude Include="source\windy\core\iframework.h">
      <Filter>include</Filter>
    </ClInclude>
    <ClInclude Include="source\windy\base\basetype.h">
      <Filter>include</Filter>
    </ClInclude>
    <ClInclude Include="source\windy\core\windowfactory.h">
      <Filter>include</Filter>
    </ClInclude>
    <ClInclude Include="source\windy\core\frameworkconfig.h">
      <Filter>include</Filter>
    </ClInclude>
    <ClInclude Include="source\windy\service\servicetime.h">
      <Filter>include</Filter>
    </ClInclude>
    <ClInclude Include="source\windy\service\iservice.h">
      <Filter>include</Filter>
    </ClInclude>
    <ClInclude Include="source\windy\base\singleton.h">
      <Filter>include</Filter>
    </ClInclude>
    <ClInclude Include="source\windy\core\applicationwin32.h">
      <Filter>include</Filter>
    </ClInclude>
    <ClInclude Include="source\windy\core\imainwindow.h">
      <Filter>include</Filter>
    </ClInclude>
    <ClInclude Include="source\windy\core\mainwindowwin32.h">
      <Filter>include</Filter>
    </ClInclude>
    <ClInclude Include="source\windy\core\renderdevice.h">
      <Filter>include</Filter>
    </ClInclude>
    <ClInclude Include="source\windy\core\framebuffer.h">
      <Filter>include</Filter>
    </ClInclude>
    <ClInclude Include="source\windy\base\color.h">
      <Filter>include</Filter>
    </ClInclude>
    <ClInclude Include="source\windy\math\common.h">
      <Filter>include</Filter>
    </ClInclude>
    <ClInclude Include="source\windy\core\inputvertexstream.h">
      <Filter>include</Filter>
    </ClInclude>
    <ClInclude Include="source\windy\core\inputvertex.h">
      <Filter>include</Filter>
    </ClInclude>
    <ClInclude Include="source\windy\math\matrix3x3.h">
      <Filter>include</Filter>
    </ClInclude>
    <ClInclude Include="source\windy\math\matrix4x4.h">
      <Filter>include</Filter>
    </ClInclude>
    <ClInclude Include="source\windy\math\quaternion.h">
      <Filter>include</Filter>
    </ClInclude>
    <ClInclude Include="source\windy\math\vec2.h">
      <Filter>include</Filter>
    </ClInclude>
    <ClInclude Include="source\windy\math\vec3.h">
      <Filter>include</Filter>
    </ClInclude>
    <ClInclude Include="source\windy\math\vec4.h">
      <Filter>include</Filter>
    </ClInclude>
    <ClInclude Include="source\windy\core\ivertexshader.h">
      <Filter>include</Filter>
    </ClInclude>
    <ClInclude Include="source\windy\core\shadedvertex.h">
      <Filter>include</Filter>
    </ClInclude>
    <ClInclude Include="source\windy\core\vertexshaderbase.h">
      <Filter>include</Filter>
    </ClInclude>
    <ClInclude Include="source\windy\core\rasterizer.h">
      <Filter>include</Filter>
    </ClInclude>
    <ClInclude Include="source\windy\core\eventframe.h">
      <Filter>include</Filter>
    </ClInclude>
  </ItemGroup>
</Project>