<?xml version="1.0" encoding="utf-8"?>
<Project ToolsVersion="4.0" xmlns="http://schemas.microsoft.com/developer/msbuild/2003">
  <ItemGroup>
    <Filter Include="include">
      <UniqueIdentifier>{93995380-89BD-4b04-88EB-625FBE52EBFB}</UniqueIdentifier>
      <Extensions>h;hpp;hxx;hm;inl;inc;xsd</Extensions>
    </Filter>
    <Filter Include="source">
      <UniqueIdentifier>{4FC737F1-C7A5-4376-A066-2A32D752A2FF}</UniqueIdentifier>
      <Extensions>cpp;c;cc;cxx;def;odl;idl;hpj;bat;asm;asmx</Extensions>
    </Filter>
  </ItemGroup>
  <ItemGroup>
    <ClCompile Include="source\clip.cpp">
      <Filter>source</Filter>
    </ClCompile>
    <ClCompile Include="source\line2.cpp">
      <Filter>source</Filter>
    </ClCompile>
    <ClCompile Include="source\main.cpp">
      <Filter>source</Filter>
    </ClCompile>
    <ClCompile Include="source\rect.cpp">
      <Filter>source</Filter>
    </ClCompile>
    <ClCompile Include="source\triangle.cpp">
      <Filter>source</Filter>
    </ClCompile>
    <ClCompile Include="source\vec2.cpp">
      <Filter>source</Filter>
    </ClCompile>
    <ClCompile Include="source\trapezoid.cpp">
      <Filter>source</Filter>
    </ClCompile>
    <ClCompile Include="include\rasterizer.cpp">
      <Filter>source</Filter>
    </ClCompile>
    <ClCompile Include="source\device.cpp">
      <Filter>source</Filter>
    </ClCompile>
    <ClCompile Include="source\application.cpp">
      <Filter>source</Filter>
    </ClCompile>
    <ClCompile Include="source\framebuffer.cpp">
      <Filter>source</Filter>
    </ClCompile>
    <ClCompile Include="source\matrix3x3.cpp">
      <Filter>source</Filter>
    </ClCompile>
    <ClCompile Include="source\vec3.cpp">
      <Filter>source</Filter>
    </ClCompile>
  </ItemGroup>
  <ItemGroup>
    <ClInclude Include="include\clip.h">
      <Filter>include</Filter>
    </ClInclude>
    <ClInclude Include="include\line2.h">
      <Filter>include</Filter>
    </ClInclude>
    <ClInclude Include="include\rect.h">
      <Filter>include</Filter>
    </ClInclude>
    <ClInclude Include="include\triangle.h">
      <Filter>include</Filter>
    </ClInclude>
    <ClInclude Include="include\vec2.h">
      <Filter>include</Filter>
    </ClInclude>
    <ClInclude Include="include\trapezoid.h">
      <Filter>include</Filter>
    </ClInclude>
    <ClInclude Include="include\rasterizer.h">
      <Filter>include</Filter>
    </ClInclude>
    <ClInclude Include="include\device.h">
      <Filter>include</Filter>
    </ClInclude>
    <ClInclude Include="include\application.h">
      <Filter>include</Filter>
    </ClInclude>
    <ClInclude Include="include\applicationimpl.h">
      <Filter>include</Filter>
    </ClInclude>
    <ClInclude Include="include\framebuffer.h">
      <Filter>include</Filter>
    </ClInclude>
    <ClInclude Include="include\matrix3x3.h">
      <Filter>include</Filter>
    </ClInclude>
    <ClInclude Include="include\vec3.h">
      <Filter>include</Filter>
    </ClInclude>
    <ClInclude Include="include\base.h">
      <Filter>include</Filter>
    </ClInclude>
  </ItemGroup>
</Project>