<?xml version="1.0" encoding="utf-8"?>
<Project ToolsVersion="4.0" xmlns="http://schemas.microsoft.com/developer/msbuild/2003">
  <ItemGroup>
    <Filter Include="include">
      <UniqueIdentifier>{93995380-89BD-4b04-88EB-625FBE52EBFB}</UniqueIdentifier>
      <Extensions>h;hpp;hxx;hm;inl;inc;xsd</Extensions>
    </Filter>
    <Filter Include="source">
      <UniqueIdentifier>{4FC737F1-C7A5-4376-A066-2A32D752A2FF}</UniqueIdentifier>
      <Extensions>cpp;c;cc;cxx;def;odl;idl;hpj;bat;asm;asmx</Extensions>
    </Filter>
  </ItemGroup>
  <ItemGroup>
    <ClCompile Include="source\line2.cpp">
      <Filter>source</Filter>
    </ClCompile>
    <ClCompile Include="source\main.cpp">
      <Filter>source</Filter>
    </ClCompile>
    <ClCompile Include="source\rect.cpp">
      <Filter>source</Filter>
    </ClCompile>
    <ClCompile Include="source\triangle.cpp">
      <Filter>source</Filter>
    </ClCompile>
    <ClCompile Include="source\vec2.cpp">
      <Filter>source</Filter>
    </ClCompile>
    <ClCompile Include="source\trapezoid.cpp">
      <Filter>source</Filter>
    </ClCompile>
    <ClCompile Include="source\device.cpp">
      <Filter>source</Filter>
    </ClCompile>
    <ClCompile Include="source\application.cpp">
      <Filter>source</Filter>
    </ClCompile>
    <ClCompile Include="source\framebuffer.cpp">
      <Filter>source</Filter>
    </ClCompile>
    <ClCompile Include="source\matrix3x3.cpp">
      <Filter>source</Filter>
    </ClCompile>
    <ClCompile Include="source\vec3.cpp">
      <Filter>source</Filter>
    </ClCompile>
    <ClCompile Include="source\camera.cpp">
      <Filter>source</Filter>
    </ClCompile>
    <ClCompile Include="source\vec4.cpp">
      <Filter>source</Filter>
    </ClCompile>
    <ClCompile Include="source\rasterizer.cpp">
      <Filter>source</Filter>
    </ClCompile>
    <ClCompile Include="source\matrix4x4.cpp">
      <Filter>source</Filter>
    </ClCompile>
    <ClCompile Include="source\triangle3d.cpp">
      <Filter>source</Filter>
    </ClCompile>
    <ClCompile Include="source\texture.cpp">
      <Filter>source</Filter>
    </ClCompile>
    <ClCompile Include="source\sampler.cpp">
      <Filter>source</Filter>
    </ClCompile>
    <ClCompile Include="source\viewportclipper.cpp">
      <Filter>source</Filter>
    </ClCompile>
    <ClCompile Include="source\homogeneousclipper.cpp">
      <Filter>source</Filter>
    </ClCompile>
    <ClCompile Include="source\primitivestream.cpp">
      <Filter>source</Filter>
    </ClCompile>
    <ClCompile Include="source\interpolation.cpp">
      <Filter>source</Filter>
    </ClCompile>
    <ClCompile Include="source\quaternion.cpp">
      <Filter>source</Filter>
    </ClCompile>
    <ClCompile Include="source\arcball.cpp">
      <Filter>include</Filter>
    </ClCompile>
    <ClCompile Include="source\depthbuffer.cpp">
      <Filter>source</Filter>
    </ClCompile>
    <ClCompile Include="source\demodepthbuffer.cpp">
      <Filter>source</Filter>
    </ClCompile>
  </ItemGroup>
  <ItemGroup>
    <ClInclude Include="include\line2.h">
      <Filter>include</Filter>
    </ClInclude>
    <ClInclude Include="include\rect.h">
      <Filter>include</Filter>
    </ClInclude>
    <ClInclude Include="include\triangle.h">
      <Filter>include</Filter>
    </ClInclude>
    <ClInclude Include="include\vec2.h">
      <Filter>include</Filter>
    </ClInclude>
    <ClInclude Include="include\trapezoid.h">
      <Filter>include</Filter>
    </ClInclude>
    <ClInclude Include="include\rasterizer.h">
      <Filter>include</Filter>
    </ClInclude>
    <ClInclude Include="include\device.h">
      <Filter>include</Filter>
    </ClInclude>
    <ClInclude Include="include\application.h">
      <Filter>include</Filter>
    </ClInclude>
    <ClInclude Include="include\applicationimpl.h">
      <Filter>include</Filter>
    </ClInclude>
    <ClInclude Include="include\framebuffer.h">
      <Filter>include</Filter>
    </ClInclude>
    <ClInclude Include="include\matrix3x3.h">
      <Filter>include</Filter>
    </ClInclude>
    <ClInclude Include="include\vec3.h">
      <Filter>include</Filter>
    </ClInclude>
    <ClInclude Include="include\base.h">
      <Filter>include</Filter>
    </ClInclude>
    <ClInclude Include="include\camera.h">
      <Filter>include</Filter>
    </ClInclude>
    <ClInclude Include="include\vec4.h">
      <Filter>include</Filter>
    </ClInclude>
    <ClInclude Include="include\matrix4x4.h">
      <Filter>include</Filter>
    </ClInclude>
    <ClInclude Include="include\triangle3d.h">
      <Filter>include</Filter>
    </ClInclude>
    <ClInclude Include="include\texture.h">
      <Filter>include</Filter>
    </ClInclude>
    <ClInclude Include="include\color.h">
      <Filter>include</Filter>
    </ClInclude>
    <ClInclude Include="include\sampler.h">
      <Filter>include</Filter>
    </ClInclude>
    <ClInclude Include="include\viewportclipper.h">
      <Filter>include</Filter>
    </ClInclude>
    <ClInclude Include="include\homogeneousclipper.h">
      <Filter>include</Filter>
    </ClInclude>
    <ClInclude Include="include\primitivestream.h">
      <Filter>include</Filter>
    </ClInclude>
    <ClInclude Include="include\primitivetype.h">
      <Filter>include</Filter>
    </ClInclude>
    <ClInclude Include="include\interpolation.h">
      <Filter>include</Filter>
    </ClInclude>
    <ClInclude Include="include\quaternion.h">
      <Filter>include</Filter>
    </ClInclude>
    <ClInclude Include="include\arcball.h">
      <Filter>include</Filter>
    </ClInclude>
    <ClInclude Include="include\mouseeventargs.h">
      <Filter>include</Filter>
    </ClInclude>
    <ClInclude Include="include\depthbuffer.h">
      <Filter>include</Filter>
    </ClInclude>
    <ClInclude Include="include\demodepthbuffer.h">
      <Filter>include</Filter>
    </ClInclude>
    <ClInclude Include="include\bithack.h">
      <Filter>include</Filter>
    </ClInclude>
  </ItemGroup>
  <ItemGroup>
    <None Include="include\rasterizer.inl">
      <Filter>include</Filter>
    </None>
    <None Include="include\framebuffer.inl">
      <Filter>include</Filter>
    </None>
    <None Include="include\texture.inl">
      <Filter>include</Filter>
    </None>
    <None Include="include\bithack.inl">
      <Filter>include</Filter>
    </None>
  </ItemGroup>
</Project>